
Microsoft Visual Studio Solution File, Format Version 12.00
# Visual Studio Version 17
VisualStudioVersion = 17.12.35527.113
MinimumVisualStudioVersion = 10.0.40219.1
Project("{FAE04EC0-301F-11D3-BF4B-00C04F79EFBC}") = "Resales.Api", "src\1-Presentation\Resale.Api\Resales.Api.csproj", "{FE824943-DEA1-4CCF-BC0E-10AD34AC9466}"
EndProject
Project("{FAE04EC0-301F-11D3-BF4B-00C04F79EFBC}") = "Orders.Api", "src\1-Presentation\Orders.Api\Orders.Api.csproj", "{399BE780-4E56-47A0-8ADA-1DDCDDAA7FF1}"
EndProject
Project("{FAE04EC0-301F-11D3-BF4B-00C04F79EFBC}") = "Orders.Worker", "src\1-Presentation\Order.Processor\Orders.Worker.csproj", "{20E37D58-A5A9-42EE-8D23-D87080C7CEA5}"
EndProject
Project("{2150E333-8FDC-42A3-9474-1A3956D46DE8}") = "Solution Items", "Solution Items", "{7D0A3361-8722-4500-871C-8B9C41AF38EC}"
	ProjectSection(SolutionItems) = preProject
		azure-pipelines.yml = azure-pipelines.yml
		docker-compose.yml = docker-compose.yml
	EndProjectSection
EndProject
Project("{2150E333-8FDC-42A3-9474-1A3956D46DE8}") = "src", "src", "{C33D696B-0BD6-4CAF-A300-D6E2545AE087}"
EndProject
Project("{2150E333-8FDC-42A3-9474-1A3956D46DE8}") = "tests", "tests", "{10E0965E-3CB4-4AD5-B878-A5BFCE23DE4E}"
EndProject
Project("{FAE04EC0-301F-11D3-BF4B-00C04F79EFBC}") = "Solution.Tests", "tests\Solution.Tests\Solution.Tests.csproj", "{895AB637-182E-48C9-A14D-1053592B218C}"
EndProject
Global
	GlobalSection(SolutionConfigurationPlatforms) = preSolution
		Debug|Any CPU = Debug|Any CPU
		Release|Any CPU = Release|Any CPU
	EndGlobalSection
	GlobalSection(ProjectConfigurationPlatforms) = postSolution
		{FE824943-DEA1-4CCF-BC0E-10AD34AC9466}.Debug|Any CPU.ActiveCfg = Debug|Any CPU
		{FE824943-DEA1-4CCF-BC0E-10AD34AC9466}.Debug|Any CPU.Build.0 = Debug|Any CPU
		{FE824943-DEA1-4CCF-BC0E-10AD34AC9466}.Release|Any CPU.ActiveCfg = Release|Any CPU
		{FE824943-DEA1-4CCF-BC0E-10AD34AC9466}.Release|Any CPU.Build.0 = Release|Any CPU
		{399BE780-4E56-47A0-8ADA-1DDCDDAA7FF1}.Debug|Any CPU.ActiveCfg = Debug|Any CPU
		{399BE780-4E56-47A0-8ADA-1DDCDDAA7FF1}.Debug|Any CPU.Build.0 = Debug|Any CPU
		{399BE780-4E56-47A0-8ADA-1DDCDDAA7FF1}.Release|Any CPU.ActiveCfg = Release|Any CPU
		{399BE780-4E56-47A0-8ADA-1DDCDDAA7FF1}.Release|Any CPU.Build.0 = Release|Any CPU
		{20E37D58-A5A9-42EE-8D23-D87080C7CEA5}.Debug|Any CPU.ActiveCfg = Debug|Any CPU
		{20E37D58-A5A9-42EE-8D23-D87080C7CEA5}.Debug|Any CPU.Build.0 = Debug|Any CPU
		{20E37D58-A5A9-42EE-8D23-D87080C7CEA5}.Release|Any CPU.ActiveCfg = Release|Any CPU
		{20E37D58-A5A9-42EE-8D23-D87080C7CEA5}.Release|Any CPU.Build.0 = Release|Any CPU
		{895AB637-182E-48C9-A14D-1053592B218C}.Debug|Any CPU.ActiveCfg = Debug|Any CPU
		{895AB637-182E-48C9-A14D-1053592B218C}.Debug|Any CPU.Build.0 = Debug|Any CPU
		{895AB637-182E-48C9-A14D-1053592B218C}.Release|Any CPU.ActiveCfg = Release|Any CPU
		{895AB637-182E-48C9-A14D-1053592B218C}.Release|Any CPU.Build.0 = Release|Any CPU
	EndGlobalSection
	GlobalSection(SolutionProperties) = preSolution
		HideSolutionNode = FALSE
	EndGlobalSection
	GlobalSection(NestedProjects) = preSolution
		{FE824943-DEA1-4CCF-BC0E-10AD34AC9466} = {C33D696B-0BD6-4CAF-A300-D6E2545AE087}
		{399BE780-4E56-47A0-8ADA-1DDCDDAA7FF1} = {C33D696B-0BD6-4CAF-A300-D6E2545AE087}
		{20E37D58-A5A9-42EE-8D23-D87080C7CEA5} = {C33D696B-0BD6-4CAF-A300-D6E2545AE087}
		{895AB637-182E-48C9-A14D-1053592B218C} = {10E0965E-3CB4-4AD5-B878-A5BFCE23DE4E}
	EndGlobalSection
EndGlobal
